
Microsoft Visual Studio Solution File, Format Version 12.00
# Visual Studio 14
VisualStudioVersion = 14.0.25420.1
MinimumVisualStudioVersion = 10.0.40219.1
Project("{FAE04EC0-301F-11D3-BF4B-00C04F79EFBC}") = "HomeTask.Domain", "HomeTask.Domain\HomeTask.Domain.csproj", "{981AF4D5-C1B4-4662-8786-829A988A13FE}"
EndProject
Project("{FAE04EC0-301F-11D3-BF4B-00C04F79EFBC}") = "HomeTask.Domain.Contracts", "HomeTask.Domain.Contracts\HomeTask.Domain.Contracts.csproj", "{715D48BF-A461-4AAD-840C-9E7D5FE83E72}"
EndProject
Project("{FAE04EC0-301F-11D3-BF4B-00C04F79EFBC}") = "HomeTask.Infrastructure", "HomeTask.Infrastructure\HomeTask.Infrastructure.csproj", "{F5260FCC-B286-4103-A6B2-4B5370599A7A}"
EndProject
Project("{FAE04EC0-301F-11D3-BF4B-00C04F79EFBC}") = "HomeTask.Persistence", "HomeTask.Persistence\HomeTask.Persistence.csproj", "{244EA500-53BF-4CD0-B367-9CF89313104F}"
EndProject
Project("{FAE04EC0-301F-11D3-BF4B-00C04F79EFBC}") = "HomeTask.Application", "HomeTask.Application\HomeTask.Application.csproj", "{3072F6E9-F839-47A6-8220-EDA646FD4D29}"
EndProject
Global
	GlobalSection(SolutionConfigurationPlatforms) = preSolution
		Debug|Any CPU = Debug|Any CPU
		Release|Any CPU = Release|Any CPU
	EndGlobalSection
	GlobalSection(ProjectConfigurationPlatforms) = postSolution
		{981AF4D5-C1B4-4662-8786-829A988A13FE}.Debug|Any CPU.ActiveCfg = Debug|Any CPU
		{981AF4D5-C1B4-4662-8786-829A988A13FE}.Debug|Any CPU.Build.0 = Debug|Any CPU
		{981AF4D5-C1B4-4662-8786-829A988A13FE}.Release|Any CPU.ActiveCfg = Release|Any CPU
		{981AF4D5-C1B4-4662-8786-829A988A13FE}.Release|Any CPU.Build.0 = Release|Any CPU
		{715D48BF-A461-4AAD-840C-9E7D5FE83E72}.Debug|Any CPU.ActiveCfg = Debug|Any CPU
		{715D48BF-A461-4AAD-840C-9E7D5FE83E72}.Debug|Any CPU.Build.0 = Debug|Any CPU
		{715D48BF-A461-4AAD-840C-9E7D5FE83E72}.Release|Any CPU.ActiveCfg = Release|Any CPU
		{715D48BF-A461-4AAD-840C-9E7D5FE83E72}.Release|Any CPU.Build.0 = Release|Any CPU
		{F5260FCC-B286-4103-A6B2-4B5370599A7A}.Debug|Any CPU.ActiveCfg = Debug|Any CPU
		{F5260FCC-B286-4103-A6B2-4B5370599A7A}.Debug|Any CPU.Build.0 = Debug|Any CPU
		{F5260FCC-B286-4103-A6B2-4B5370599A7A}.Release|Any CPU.ActiveCfg = Release|Any CPU
		{F5260FCC-B286-4103-A6B2-4B5370599A7A}.Release|Any CPU.Build.0 = Release|Any CPU
		{244EA500-53BF-4CD0-B367-9CF89313104F}.Debug|Any CPU.ActiveCfg = Debug|Any CPU
		{244EA500-53BF-4CD0-B367-9CF89313104F}.Debug|Any CPU.Build.0 = Debug|Any CPU
		{244EA500-53BF-4CD0-B367-9CF89313104F}.Release|Any CPU.ActiveCfg = Release|Any CPU
		{244EA500-53BF-4CD0-B367-9CF89313104F}.Release|Any CPU.Build.0 = Release|Any CPU
		{3072F6E9-F839-47A6-8220-EDA646FD4D29}.Debug|Any CPU.ActiveCfg = Debug|Any CPU
		{3072F6E9-F839-47A6-8220-EDA646FD4D29}.Debug|Any CPU.Build.0 = Debug|Any CPU
		{3072F6E9-F839-47A6-8220-EDA646FD4D29}.Release|Any CPU.ActiveCfg = Release|Any CPU
		{3072F6E9-F839-47A6-8220-EDA646FD4D29}.Release|Any CPU.Build.0 = Release|Any CPU
	EndGlobalSection
	GlobalSection(SolutionProperties) = preSolution
		HideSolutionNode = FALSE
	EndGlobalSection
EndGlobal
